
Microsoft Visual Studio Solution File, Format Version 12.00
# Visual Studio Version 17
VisualStudioVersion = 17.3.32922.545
MinimumVisualStudioVersion = 10.0.40219.1
Project("{FAE04EC0-301F-11D3-BF4B-00C04F79EFBC}") = "ConsoleApp3", "ConsoleApp3.csproj", "{DDB6C902-B3B8-4764-AC00-3AF4AADCEC85}"
EndProject
Global
	GlobalSection(SolutionConfigurationPlatforms) = preSolution
		Debug|Any CPU = Debug|Any CPU
		Release|Any CPU = Release|Any CPU
	EndGlobalSection
	GlobalSection(ProjectConfigurationPlatforms) = postSolution
		{DDB6C902-B3B8-4764-AC00-3AF4AADCEC85}.Debug|Any CPU.ActiveCfg = Debug|Any CPU
		{DDB6C902-B3B8-4764-AC00-3AF4AADCEC85}.Debug|Any CPU.Build.0 = Debug|Any CPU
		{DDB6C902-B3B8-4764-AC00-3AF4AADCEC85}.Release|Any CPU.ActiveCfg = Release|Any CPU
		{DDB6C902-B3B8-4764-AC00-3AF4AADCEC85}.Release|Any CPU.Build.0 = Release|Any CPU
	EndGlobalSection
	GlobalSection(SolutionProperties) = preSolution
		HideSolutionNode = FALSE
	EndGlobalSection
	GlobalSection(ExtensibilityGlobals) = postSolution
		SolutionGuid = {DC6DE90D-3D79-4BD9-A342-1474B4F13F58}
	EndGlobalSection
EndGlobal
