
Microsoft Visual Studio Solution File, Format Version 12.00
# Visual Studio Version 17
VisualStudioVersion = 17.3.32922.545
MinimumVisualStudioVersion = 10.0.40219.1
Project("{8BC9CEB8-8B4A-11D0-8D11-00A0C91BC942}") = "OOP_Lab2", "OOP_Lab2.vcxproj", "{7218D682-1AF9-4CEC-B55E-519680E81ACE}"
EndProject
Global
	GlobalSection(SolutionConfigurationPlatforms) = preSolution
		Debug|x64 = Debug|x64
		Debug|x86 = Debug|x86
		Release|x64 = Release|x64
		Release|x86 = Release|x86
	EndGlobalSection
	GlobalSection(ProjectConfigurationPlatforms) = postSolution
		{7218D682-1AF9-4CEC-B55E-519680E81ACE}.Debug|x64.ActiveCfg = Debug|x64
		{7218D682-1AF9-4CEC-B55E-519680E81ACE}.Debug|x64.Build.0 = Debug|x64
		{7218D682-1AF9-4CEC-B55E-519680E81ACE}.Debug|x86.ActiveCfg = Debug|Win32
		{7218D682-1AF9-4CEC-B55E-519680E81ACE}.Debug|x86.Build.0 = Debug|Win32
		{7218D682-1AF9-4CEC-B55E-519680E81ACE}.Release|x64.ActiveCfg = Release|x64
		{7218D682-1AF9-4CEC-B55E-519680E81ACE}.Release|x64.Build.0 = Release|x64
		{7218D682-1AF9-4CEC-B55E-519680E81ACE}.Release|x86.ActiveCfg = Release|Win32
		{7218D682-1AF9-4CEC-B55E-519680E81ACE}.Release|x86.Build.0 = Release|Win32
	EndGlobalSection
	GlobalSection(SolutionProperties) = preSolution
		HideSolutionNode = FALSE
	EndGlobalSection
	GlobalSection(ExtensibilityGlobals) = postSolution
		SolutionGuid = {31141673-FFB7-464B-BC3C-485183EE531D}
	EndGlobalSection
EndGlobal
